
Microsoft Visual Studio Solution File, Format Version 12.00
# Visual Studio Version 16
VisualStudioVersion = 16.0.32413.511
MinimumVisualStudioVersion = 10.0.40219.1
Project("{FAE04EC0-301F-11D3-BF4B-00C04F79EFBC}") = "VaoCSharpDemo", "VaoCSharpDemo.csproj", "{3351B159-4561-45A0-A7EB-4421E06BFF91}"
EndProject
Global
	GlobalSection(SolutionConfigurationPlatforms) = preSolution
		Debug|Any CPU = Debug|Any CPU
		Release|Any CPU = Release|Any CPU
	EndGlobalSection
	GlobalSection(ProjectConfigurationPlatforms) = postSolution
		{3351B159-4561-45A0-A7EB-4421E06BFF91}.Debug|Any CPU.ActiveCfg = Debug|Any CPU
		{3351B159-4561-45A0-A7EB-4421E06BFF91}.Debug|Any CPU.Build.0 = Debug|Any CPU
		{3351B159-4561-45A0-A7EB-4421E06BFF91}.Release|Any CPU.ActiveCfg = Release|Any CPU
		{3351B159-4561-45A0-A7EB-4421E06BFF91}.Release|Any CPU.Build.0 = Release|Any CPU
	EndGlobalSection
	GlobalSection(SolutionProperties) = preSolution
		HideSolutionNode = FALSE
	EndGlobalSection
	GlobalSection(ExtensibilityGlobals) = postSolution
		SolutionGuid = {9242E4CA-397B-4236-A79A-2DEE501D89E9}
	EndGlobalSection
EndGlobal
